
Microsoft Visual Studio Solution File, Format Version 12.00
# Visual Studio Version 17
VisualStudioVersion = 17.3.32929.385
MinimumVisualStudioVersion = 10.0.40219.1
Project("{FAE04EC0-301F-11D3-BF4B-00C04F79EFBC}") = "PrismLauncherMigrator", "PrismLauncherMigrator\PrismLauncherMigrator.csproj", "{560596A2-720C-44C0-BA51-921B525BBA16}"
EndProject
Global
	GlobalSection(SolutionConfigurationPlatforms) = preSolution
		Debug|Any CPU = Debug|Any CPU
		Release|Any CPU = Release|Any CPU
	EndGlobalSection
	GlobalSection(ProjectConfigurationPlatforms) = postSolution
		{560596A2-720C-44C0-BA51-921B525BBA16}.Debug|Any CPU.ActiveCfg = Debug|Any CPU
		{560596A2-720C-44C0-BA51-921B525BBA16}.Debug|Any CPU.Build.0 = Debug|Any CPU
		{560596A2-720C-44C0-BA51-921B525BBA16}.Release|Any CPU.ActiveCfg = Release|Any CPU
		{560596A2-720C-44C0-BA51-921B525BBA16}.Release|Any CPU.Build.0 = Release|Any CPU
	EndGlobalSection
	GlobalSection(SolutionProperties) = preSolution
		HideSolutionNode = FALSE
	EndGlobalSection
	GlobalSection(ExtensibilityGlobals) = postSolution
		SolutionGuid = {2E360119-EAAF-4C67-BED3-DA5F6B21929F}
	EndGlobalSection
EndGlobal
